
Microsoft Visual Studio Solution File, Format Version 12.00
# Visual Studio Version 16
VisualStudioVersion = 16.0.30330.147
MinimumVisualStudioVersion = 10.0.40219.1
Project("{FAE04EC0-301F-11D3-BF4B-00C04F79EFBC}") = "EmergencyCallerClient", "EmergencyCallerClient.csproj", "{17FB91AC-ADCA-4C5C-B1D0-D34E286B5029}"
EndProject
Project("{FAE04EC0-301F-11D3-BF4B-00C04F79EFBC}") = "EmergencyCallerServer", "..\EmergencyCallerServer\EmergencyCallerServer.csproj", "{9E9516DA-A453-4A9A-BEBD-2F84DA8A0931}"
EndProject
Global
	GlobalSection(SolutionConfigurationPlatforms) = preSolution
		Debug|Any CPU = Debug|Any CPU
		Release|Any CPU = Release|Any CPU
	EndGlobalSection
	GlobalSection(ProjectConfigurationPlatforms) = postSolution
		{17FB91AC-ADCA-4C5C-B1D0-D34E286B5029}.Debug|Any CPU.ActiveCfg = Debug|Any CPU
		{17FB91AC-ADCA-4C5C-B1D0-D34E286B5029}.Debug|Any CPU.Build.0 = Debug|Any CPU
		{17FB91AC-ADCA-4C5C-B1D0-D34E286B5029}.Release|Any CPU.ActiveCfg = Release|Any CPU
		{17FB91AC-ADCA-4C5C-B1D0-D34E286B5029}.Release|Any CPU.Build.0 = Release|Any CPU
		{9E9516DA-A453-4A9A-BEBD-2F84DA8A0931}.Debug|Any CPU.ActiveCfg = Debug|Any CPU
		{9E9516DA-A453-4A9A-BEBD-2F84DA8A0931}.Debug|Any CPU.Build.0 = Debug|Any CPU
		{9E9516DA-A453-4A9A-BEBD-2F84DA8A0931}.Release|Any CPU.ActiveCfg = Release|Any CPU
		{9E9516DA-A453-4A9A-BEBD-2F84DA8A0931}.Release|Any CPU.Build.0 = Release|Any CPU
	EndGlobalSection
	GlobalSection(SolutionProperties) = preSolution
		HideSolutionNode = FALSE
	EndGlobalSection
	GlobalSection(ExtensibilityGlobals) = postSolution
		SolutionGuid = {BD02ED45-30CE-4303-B209-00ECCFF95E9C}
	EndGlobalSection
EndGlobal
